
Microsoft Visual Studio Solution File, Format Version 12.00
# Visual Studio 15
VisualStudioVersion = 15.0.28010.2050
MinimumVisualStudioVersion = 10.0.40219.1
Project("{FAE04EC0-301F-11D3-BF4B-00C04F79EFBC}") = "ConsoleGamev2", "ConsoleGamev2\ConsoleGamev2.csproj", "{190346D7-0AD8-4134-BB03-F568B48C7D6E}"
EndProject
Global
	GlobalSection(SolutionConfigurationPlatforms) = preSolution
		Debug|Any CPU = Debug|Any CPU
		Release|Any CPU = Release|Any CPU
	EndGlobalSection
	GlobalSection(ProjectConfigurationPlatforms) = postSolution
		{190346D7-0AD8-4134-BB03-F568B48C7D6E}.Debug|Any CPU.ActiveCfg = Debug|Any CPU
		{190346D7-0AD8-4134-BB03-F568B48C7D6E}.Debug|Any CPU.Build.0 = Debug|Any CPU
		{190346D7-0AD8-4134-BB03-F568B48C7D6E}.Release|Any CPU.ActiveCfg = Release|Any CPU
		{190346D7-0AD8-4134-BB03-F568B48C7D6E}.Release|Any CPU.Build.0 = Release|Any CPU
	EndGlobalSection
	GlobalSection(SolutionProperties) = preSolution
		HideSolutionNode = FALSE
	EndGlobalSection
	GlobalSection(ExtensibilityGlobals) = postSolution
		SolutionGuid = {9D4B5854-8AC0-4615-BB11-1F1FE847CDB4}
	EndGlobalSection
EndGlobal
